
Microsoft Visual Studio Solution File, Format Version 12.00
# Visual Studio Version 17
VisualStudioVersion = 17.8.34511.84
MinimumVisualStudioVersion = 10.0.40219.1
Project("{8BC9CEB8-8B4A-11D0-8D11-00A0C91BC942}") = "Vector", "Vector\Vector.vcxproj", "{D904170C-4674-4925-9D4C-742FB03CCC7B}"
EndProject
Project("{8BC9CEB8-8B4A-11D0-8D11-00A0C91BC942}") = "HtmlDecode", "HtmlDecode\HtmlDecode.vcxproj", "{91A506F5-B481-48F5-8790-24137111E37B}"
EndProject
Project("{8BC9CEB8-8B4A-11D0-8D11-00A0C91BC942}") = "Vector_test", "Vector\Vector_test\Vector_test.vcxproj", "{AB7CE5D5-4307-4C51-978E-96EE3D07EABB}"
EndProject
Project("{8BC9CEB8-8B4A-11D0-8D11-00A0C91BC942}") = "HtmlDecode_test", "HtmlDecode\HtmlDecode_test\HtmlDecode_test.vcxproj", "{0DA34E5E-F3D7-4344-BCEF-64164676CA92}"
EndProject
Project("{8BC9CEB8-8B4A-11D0-8D11-00A0C91BC942}") = "Dictionary", "Dictionary\Dictionary.vcxproj", "{F3708314-B434-4CFE-8D39-143CAD087916}"
EndProject
Project("{8BC9CEB8-8B4A-11D0-8D11-00A0C91BC942}") = "PrimeNumbers", "PrimeNumbers\PrimeNumbers.vcxproj", "{99E5D7CD-B4A7-49D1-A08D-F2514ED71C9C}"
EndProject
Project("{8BC9CEB8-8B4A-11D0-8D11-00A0C91BC942}") = "PrimeNumbers_test", "PrimeNumbers\PrimeNumbers_test\PrimeNumbers_test.vcxproj", "{6F498469-D694-4AE0-8564-24BC6E56AE33}"
EndProject
Project("{8BC9CEB8-8B4A-11D0-8D11-00A0C91BC942}") = "URLparser", "URLparser\URLparser.vcxproj", "{9EC181FA-737C-4B6D-8A99-A448EF547905}"
EndProject
Project("{8BC9CEB8-8B4A-11D0-8D11-00A0C91BC942}") = "URLparser_test", "URLparser\URLparser_test\URLparser_test.vcxproj", "{5A7EAB5B-1ABA-41EA-8380-5C22151C2A06}"
EndProject
Project("{8BC9CEB8-8B4A-11D0-8D11-00A0C91BC942}") = "PolishNotation", "polishNotation\polishNotation.vcxproj", "{4C2B4F9A-099B-4146-B100-B0399E8BDBC6}"
EndProject
Project("{8BC9CEB8-8B4A-11D0-8D11-00A0C91BC942}") = "PolishNotation_test", "PolishNotation\PolishNotation_test\PolishNotation_test.vcxproj", "{51C0899C-49E1-4B77-959F-DB8B111EF809}"
EndProject
Project("{8BC9CEB8-8B4A-11D0-8D11-00A0C91BC942}") = "ExpandTemplate", "ExpandTemplate\ExpandTemplate.vcxproj", "{535A71A3-A0AC-4842-A7A0-CFF4728DD02B}"
EndProject
Project("{8BC9CEB8-8B4A-11D0-8D11-00A0C91BC942}") = "ExpandTemplate_test", "ExpandTemplate\ExpandTemplate_test\ExpandTemplate_test.vcxproj", "{1E6C6CAF-1DB9-458B-880D-6989C435C095}"
EndProject
Project("{8BC9CEB8-8B4A-11D0-8D11-00A0C91BC942}") = "Dictionary_test", "Dictionary\Dictionary_test\Dictionary_test.vcxproj", "{8CF72A43-425B-4175-8909-0DC3E83F746A}"
EndProject
Global
	GlobalSection(SolutionConfigurationPlatforms) = preSolution
		Debug|Win32 = Debug|Win32
		Debug|x64 = Debug|x64
		Release|Win32 = Release|Win32
		Release|x64 = Release|x64
	EndGlobalSection
	GlobalSection(ProjectConfigurationPlatforms) = postSolution
		{D904170C-4674-4925-9D4C-742FB03CCC7B}.Debug|Win32.ActiveCfg = Debug|Win32
		{D904170C-4674-4925-9D4C-742FB03CCC7B}.Debug|Win32.Build.0 = Debug|Win32
		{D904170C-4674-4925-9D4C-742FB03CCC7B}.Debug|x64.ActiveCfg = Debug|x64
		{D904170C-4674-4925-9D4C-742FB03CCC7B}.Debug|x64.Build.0 = Debug|x64
		{D904170C-4674-4925-9D4C-742FB03CCC7B}.Release|Win32.ActiveCfg = Release|Win32
		{D904170C-4674-4925-9D4C-742FB03CCC7B}.Release|Win32.Build.0 = Release|Win32
		{D904170C-4674-4925-9D4C-742FB03CCC7B}.Release|x64.ActiveCfg = Release|x64
		{D904170C-4674-4925-9D4C-742FB03CCC7B}.Release|x64.Build.0 = Release|x64
		{91A506F5-B481-48F5-8790-24137111E37B}.Debug|Win32.ActiveCfg = Debug|Win32
		{91A506F5-B481-48F5-8790-24137111E37B}.Debug|Win32.Build.0 = Debug|Win32
		{91A506F5-B481-48F5-8790-24137111E37B}.Debug|x64.ActiveCfg = Debug|x64
		{91A506F5-B481-48F5-8790-24137111E37B}.Debug|x64.Build.0 = Debug|x64
		{91A506F5-B481-48F5-8790-24137111E37B}.Release|Win32.ActiveCfg = Release|Win32
		{91A506F5-B481-48F5-8790-24137111E37B}.Release|Win32.Build.0 = Release|Win32
		{91A506F5-B481-48F5-8790-24137111E37B}.Release|x64.ActiveCfg = Release|x64
		{91A506F5-B481-48F5-8790-24137111E37B}.Release|x64.Build.0 = Release|x64
		{AB7CE5D5-4307-4C51-978E-96EE3D07EABB}.Debug|Win32.ActiveCfg = Debug|Win32
		{AB7CE5D5-4307-4C51-978E-96EE3D07EABB}.Debug|Win32.Build.0 = Debug|Win32
		{AB7CE5D5-4307-4C51-978E-96EE3D07EABB}.Debug|x64.ActiveCfg = Debug|x64
		{AB7CE5D5-4307-4C51-978E-96EE3D07EABB}.Debug|x64.Build.0 = Debug|x64
		{AB7CE5D5-4307-4C51-978E-96EE3D07EABB}.Release|Win32.ActiveCfg = Release|Win32
		{AB7CE5D5-4307-4C51-978E-96EE3D07EABB}.Release|Win32.Build.0 = Release|Win32
		{AB7CE5D5-4307-4C51-978E-96EE3D07EABB}.Release|x64.ActiveCfg = Release|x64
		{AB7CE5D5-4307-4C51-978E-96EE3D07EABB}.Release|x64.Build.0 = Release|x64
		{0DA34E5E-F3D7-4344-BCEF-64164676CA92}.Debug|Win32.ActiveCfg = Debug|Win32
		{0DA34E5E-F3D7-4344-BCEF-64164676CA92}.Debug|Win32.Build.0 = Debug|Win32
		{0DA34E5E-F3D7-4344-BCEF-64164676CA92}.Debug|x64.ActiveCfg = Debug|x64
		{0DA34E5E-F3D7-4344-BCEF-64164676CA92}.Debug|x64.Build.0 = Debug|x64
		{0DA34E5E-F3D7-4344-BCEF-64164676CA92}.Release|Win32.ActiveCfg = Release|Win32
		{0DA34E5E-F3D7-4344-BCEF-64164676CA92}.Release|Win32.Build.0 = Release|Win32
		{0DA34E5E-F3D7-4344-BCEF-64164676CA92}.Release|x64.ActiveCfg = Release|x64
		{0DA34E5E-F3D7-4344-BCEF-64164676CA92}.Release|x64.Build.0 = Release|x64
		{F3708314-B434-4CFE-8D39-143CAD087916}.Debug|Win32.ActiveCfg = Debug|Win32
		{F3708314-B434-4CFE-8D39-143CAD087916}.Debug|Win32.Build.0 = Debug|Win32
		{F3708314-B434-4CFE-8D39-143CAD087916}.Debug|x64.ActiveCfg = Debug|x64
		{F3708314-B434-4CFE-8D39-143CAD087916}.Debug|x64.Build.0 = Debug|x64
		{F3708314-B434-4CFE-8D39-143CAD087916}.Release|Win32.ActiveCfg = Release|Win32
		{F3708314-B434-4CFE-8D39-143CAD087916}.Release|Win32.Build.0 = Release|Win32
		{F3708314-B434-4CFE-8D39-143CAD087916}.Release|x64.ActiveCfg = Release|x64
		{F3708314-B434-4CFE-8D39-143CAD087916}.Release|x64.Build.0 = Release|x64
		{99E5D7CD-B4A7-49D1-A08D-F2514ED71C9C}.Debug|Win32.ActiveCfg = Debug|Win32
		{99E5D7CD-B4A7-49D1-A08D-F2514ED71C9C}.Debug|Win32.Build.0 = Debug|Win32
		{99E5D7CD-B4A7-49D1-A08D-F2514ED71C9C}.Debug|x64.ActiveCfg = Debug|x64
		{99E5D7CD-B4A7-49D1-A08D-F2514ED71C9C}.Debug|x64.Build.0 = Debug|x64
		{99E5D7CD-B4A7-49D1-A08D-F2514ED71C9C}.Release|Win32.ActiveCfg = Release|Win32
		{99E5D7CD-B4A7-49D1-A08D-F2514ED71C9C}.Release|Win32.Build.0 = Release|Win32
		{99E5D7CD-B4A7-49D1-A08D-F2514ED71C9C}.Release|x64.ActiveCfg = Release|x64
		{99E5D7CD-B4A7-49D1-A08D-F2514ED71C9C}.Release|x64.Build.0 = Release|x64
		{6F498469-D694-4AE0-8564-24BC6E56AE33}.Debug|Win32.ActiveCfg = Debug|Win32
		{6F498469-D694-4AE0-8564-24BC6E56AE33}.Debug|Win32.Build.0 = Debug|Win32
		{6F498469-D694-4AE0-8564-24BC6E56AE33}.Debug|x64.ActiveCfg = Debug|x64
		{6F498469-D694-4AE0-8564-24BC6E56AE33}.Debug|x64.Build.0 = Debug|x64
		{6F498469-D694-4AE0-8564-24BC6E56AE33}.Release|Win32.ActiveCfg = Release|Win32
		{6F498469-D694-4AE0-8564-24BC6E56AE33}.Release|Win32.Build.0 = Release|Win32
		{6F498469-D694-4AE0-8564-24BC6E56AE33}.Release|x64.ActiveCfg = Release|x64
		{6F498469-D694-4AE0-8564-24BC6E56AE33}.Release|x64.Build.0 = Release|x64
		{9EC181FA-737C-4B6D-8A99-A448EF547905}.Debug|Win32.ActiveCfg = Debug|Win32
		{9EC181FA-737C-4B6D-8A99-A448EF547905}.Debug|Win32.Build.0 = Debug|Win32
		{9EC181FA-737C-4B6D-8A99-A448EF547905}.Debug|x64.ActiveCfg = Debug|x64
		{9EC181FA-737C-4B6D-8A99-A448EF547905}.Debug|x64.Build.0 = Debug|x64
		{9EC181FA-737C-4B6D-8A99-A448EF547905}.Release|Win32.ActiveCfg = Release|Win32
		{9EC181FA-737C-4B6D-8A99-A448EF547905}.Release|Win32.Build.0 = Release|Win32
		{9EC181FA-737C-4B6D-8A99-A448EF547905}.Release|x64.ActiveCfg = Release|x64
		{9EC181FA-737C-4B6D-8A99-A448EF547905}.Release|x64.Build.0 = Release|x64
		{5A7EAB5B-1ABA-41EA-8380-5C22151C2A06}.Debug|Win32.ActiveCfg = Debug|Win32
		{5A7EAB5B-1ABA-41EA-8380-5C22151C2A06}.Debug|Win32.Build.0 = Debug|Win32
		{5A7EAB5B-1ABA-41EA-8380-5C22151C2A06}.Debug|x64.ActiveCfg = Debug|x64
		{5A7EAB5B-1ABA-41EA-8380-5C22151C2A06}.Debug|x64.Build.0 = Debug|x64
		{5A7EAB5B-1ABA-41EA-8380-5C22151C2A06}.Release|Win32.ActiveCfg = Release|Win32
		{5A7EAB5B-1ABA-41EA-8380-5C22151C2A06}.Release|Win32.Build.0 = Release|Win32
		{5A7EAB5B-1ABA-41EA-8380-5C22151C2A06}.Release|x64.ActiveCfg = Release|x64
		{5A7EAB5B-1ABA-41EA-8380-5C22151C2A06}.Release|x64.Build.0 = Release|x64
		{4C2B4F9A-099B-4146-B100-B0399E8BDBC6}.Debug|Win32.ActiveCfg = Debug|Win32
		{4C2B4F9A-099B-4146-B100-B0399E8BDBC6}.Debug|Win32.Build.0 = Debug|Win32
		{4C2B4F9A-099B-4146-B100-B0399E8BDBC6}.Debug|x64.ActiveCfg = Debug|x64
		{4C2B4F9A-099B-4146-B100-B0399E8BDBC6}.Debug|x64.Build.0 = Debug|x64
		{4C2B4F9A-099B-4146-B100-B0399E8BDBC6}.Release|Win32.ActiveCfg = Release|Win32
		{4C2B4F9A-099B-4146-B100-B0399E8BDBC6}.Release|Win32.Build.0 = Release|Win32
		{4C2B4F9A-099B-4146-B100-B0399E8BDBC6}.Release|x64.ActiveCfg = Release|x64
		{4C2B4F9A-099B-4146-B100-B0399E8BDBC6}.Release|x64.Build.0 = Release|x64
		{51C0899C-49E1-4B77-959F-DB8B111EF809}.Debug|Win32.ActiveCfg = Debug|Win32
		{51C0899C-49E1-4B77-959F-DB8B111EF809}.Debug|Win32.Build.0 = Debug|Win32
		{51C0899C-49E1-4B77-959F-DB8B111EF809}.Debug|x64.ActiveCfg = Debug|x64
		{51C0899C-49E1-4B77-959F-DB8B111EF809}.Debug|x64.Build.0 = Debug|x64
		{51C0899C-49E1-4B77-959F-DB8B111EF809}.Release|Win32.ActiveCfg = Release|Win32
		{51C0899C-49E1-4B77-959F-DB8B111EF809}.Release|Win32.Build.0 = Release|Win32
		{51C0899C-49E1-4B77-959F-DB8B111EF809}.Release|x64.ActiveCfg = Release|x64
		{51C0899C-49E1-4B77-959F-DB8B111EF809}.Release|x64.Build.0 = Release|x64
		{535A71A3-A0AC-4842-A7A0-CFF4728DD02B}.Debug|Win32.ActiveCfg = Debug|Win32
		{535A71A3-A0AC-4842-A7A0-CFF4728DD02B}.Debug|Win32.Build.0 = Debug|Win32
		{535A71A3-A0AC-4842-A7A0-CFF4728DD02B}.Debug|x64.ActiveCfg = Debug|x64
		{535A71A3-A0AC-4842-A7A0-CFF4728DD02B}.Debug|x64.Build.0 = Debug|x64
		{535A71A3-A0AC-4842-A7A0-CFF4728DD02B}.Release|Win32.ActiveCfg = Release|Win32
		{535A71A3-A0AC-4842-A7A0-CFF4728DD02B}.Release|Win32.Build.0 = Release|Win32
		{535A71A3-A0AC-4842-A7A0-CFF4728DD02B}.Release|x64.ActiveCfg = Release|x64
		{535A71A3-A0AC-4842-A7A0-CFF4728DD02B}.Release|x64.Build.0 = Release|x64
		{1E6C6CAF-1DB9-458B-880D-6989C435C095}.Debug|Win32.ActiveCfg = Debug|Win32
		{1E6C6CAF-1DB9-458B-880D-6989C435C095}.Debug|Win32.Build.0 = Debug|Win32
		{1E6C6CAF-1DB9-458B-880D-6989C435C095}.Debug|x64.ActiveCfg = Debug|x64
		{1E6C6CAF-1DB9-458B-880D-6989C435C095}.Debug|x64.Build.0 = Debug|x64
		{1E6C6CAF-1DB9-458B-880D-6989C435C095}.Release|Win32.ActiveCfg = Release|Win32
		{1E6C6CAF-1DB9-458B-880D-6989C435C095}.Release|Win32.Build.0 = Release|Win32
		{1E6C6CAF-1DB9-458B-880D-6989C435C095}.Release|x64.ActiveCfg = Release|x64
		{1E6C6CAF-1DB9-458B-880D-6989C435C095}.Release|x64.Build.0 = Release|x64
		{8CF72A43-425B-4175-8909-0DC3E83F746A}.Debug|Win32.ActiveCfg = Debug|Win32
		{8CF72A43-425B-4175-8909-0DC3E83F746A}.Debug|Win32.Build.0 = Debug|Win32
		{8CF72A43-425B-4175-8909-0DC3E83F746A}.Debug|x64.ActiveCfg = Debug|x64
		{8CF72A43-425B-4175-8909-0DC3E83F746A}.Debug|x64.Build.0 = Debug|x64
		{8CF72A43-425B-4175-8909-0DC3E83F746A}.Release|Win32.ActiveCfg = Release|Win32
		{8CF72A43-425B-4175-8909-0DC3E83F746A}.Release|Win32.Build.0 = Release|Win32
		{8CF72A43-425B-4175-8909-0DC3E83F746A}.Release|x64.ActiveCfg = Release|x64
		{8CF72A43-425B-4175-8909-0DC3E83F746A}.Release|x64.Build.0 = Release|x64
	EndGlobalSection
	GlobalSection(SolutionProperties) = preSolution
		HideSolutionNode = FALSE
	EndGlobalSection
	GlobalSection(ExtensibilityGlobals) = postSolution
		SolutionGuid = {A47D2CEA-43CB-451B-9DCE-1D44F6D5C6A2}
	EndGlobalSection
EndGlobal
